
Microsoft Visual Studio Solution File, Format Version 12.00
# Visual Studio Version 17
VisualStudioVersion = 17.10.34928.147
MinimumVisualStudioVersion = 10.0.40219.1
Project("{2150E333-8FDC-42A3-9474-1A3956D46DE8}") = "Domain", "Domain", "{B3C24DE5-6098-403B-9391-30CD662FCB6A}"
EndProject
Project("{2150E333-8FDC-42A3-9474-1A3956D46DE8}") = "Application", "Application", "{ACCA362F-449B-4460-8716-F18EC4FF6E72}"
EndProject
Project("{2150E333-8FDC-42A3-9474-1A3956D46DE8}") = "Infrastructure", "Infrastructure", "{C7EA8E12-113A-4216-B4A2-43E2B4C01EDB}"
EndProject
Project("{2150E333-8FDC-42A3-9474-1A3956D46DE8}") = "Presentation", "Presentation", "{9546BC58-DB3E-4F2E-B010-77C5CEF4F5DB}"
EndProject
Project("{2150E333-8FDC-42A3-9474-1A3956D46DE8}") = "Common", "Common", "{481D73A4-2BE8-43BE-8660-20C9A7F93F45}"
EndProject
Project("{9A19103F-16F7-4668-BE54-9A1E7A4F7556}") = "Auction.Common.Domain", "Common\Auction.Common.Domain\Auction.Common.Domain.csproj", "{35BCF66B-3C73-4370-8EA0-AECE21109870}"
EndProject
Project("{9A19103F-16F7-4668-BE54-9A1E7A4F7556}") = "Auction.WalletMicroservice.Domain", "Domain\Auction.WalletMicroservice.Domain\Auction.WalletMicroservice.Domain.csproj", "{23A0EF60-0BD9-49E6-826C-B1771544617F}"
EndProject
Project("{9A19103F-16F7-4668-BE54-9A1E7A4F7556}") = "Auction.Common.Infrastructure", "Common\Auction.Common.Infrastructure\Auction.Common.Infrastructure.csproj", "{76A07E01-B375-41C1-8CF0-702EFAC4F5CA}"
EndProject
Project("{9A19103F-16F7-4668-BE54-9A1E7A4F7556}") = "Auction.WalletMicroservice.Infrastructure.RepositoriesImplementations", "Infrastructure\Auction.WalletMicroservice.Infrastructure.RepositoriesImplementations\Auction.WalletMicroservice.Infrastructure.RepositoriesImplementations.csproj", "{7E1DFD9F-703A-42D3-ABB0-9A97563F4167}"
EndProject
Project("{FAE04EC0-301F-11D3-BF4B-00C04F79EFBC}") = "Auction.WalletMicroservice.Infrastructure.EntityFramework", "Infrastructure\Auction.WalletMicroservice.Infrastructure.EntityFramework\Auction.WalletMicroservice.Infrastructure.EntityFramework.csproj", "{E5955516-81AB-4619-A90C-3292E9A12024}"
EndProject
Global
	GlobalSection(SolutionConfigurationPlatforms) = preSolution
		Debug|Any CPU = Debug|Any CPU
		Release|Any CPU = Release|Any CPU
	EndGlobalSection
	GlobalSection(ProjectConfigurationPlatforms) = postSolution
		{35BCF66B-3C73-4370-8EA0-AECE21109870}.Debug|Any CPU.ActiveCfg = Debug|Any CPU
		{35BCF66B-3C73-4370-8EA0-AECE21109870}.Debug|Any CPU.Build.0 = Debug|Any CPU
		{35BCF66B-3C73-4370-8EA0-AECE21109870}.Release|Any CPU.ActiveCfg = Release|Any CPU
		{35BCF66B-3C73-4370-8EA0-AECE21109870}.Release|Any CPU.Build.0 = Release|Any CPU
		{23A0EF60-0BD9-49E6-826C-B1771544617F}.Debug|Any CPU.ActiveCfg = Debug|Any CPU
		{23A0EF60-0BD9-49E6-826C-B1771544617F}.Debug|Any CPU.Build.0 = Debug|Any CPU
		{23A0EF60-0BD9-49E6-826C-B1771544617F}.Release|Any CPU.ActiveCfg = Release|Any CPU
		{23A0EF60-0BD9-49E6-826C-B1771544617F}.Release|Any CPU.Build.0 = Release|Any CPU
		{76A07E01-B375-41C1-8CF0-702EFAC4F5CA}.Debug|Any CPU.ActiveCfg = Debug|Any CPU
		{76A07E01-B375-41C1-8CF0-702EFAC4F5CA}.Debug|Any CPU.Build.0 = Debug|Any CPU
		{76A07E01-B375-41C1-8CF0-702EFAC4F5CA}.Release|Any CPU.ActiveCfg = Release|Any CPU
		{76A07E01-B375-41C1-8CF0-702EFAC4F5CA}.Release|Any CPU.Build.0 = Release|Any CPU
		{7E1DFD9F-703A-42D3-ABB0-9A97563F4167}.Debug|Any CPU.ActiveCfg = Debug|Any CPU
		{7E1DFD9F-703A-42D3-ABB0-9A97563F4167}.Debug|Any CPU.Build.0 = Debug|Any CPU
		{7E1DFD9F-703A-42D3-ABB0-9A97563F4167}.Release|Any CPU.ActiveCfg = Release|Any CPU
		{7E1DFD9F-703A-42D3-ABB0-9A97563F4167}.Release|Any CPU.Build.0 = Release|Any CPU
		{E5955516-81AB-4619-A90C-3292E9A12024}.Debug|Any CPU.ActiveCfg = Debug|Any CPU
		{E5955516-81AB-4619-A90C-3292E9A12024}.Debug|Any CPU.Build.0 = Debug|Any CPU
		{E5955516-81AB-4619-A90C-3292E9A12024}.Release|Any CPU.ActiveCfg = Release|Any CPU
		{E5955516-81AB-4619-A90C-3292E9A12024}.Release|Any CPU.Build.0 = Release|Any CPU
	EndGlobalSection
	GlobalSection(SolutionProperties) = preSolution
		HideSolutionNode = FALSE
	EndGlobalSection
	GlobalSection(NestedProjects) = preSolution
		{35BCF66B-3C73-4370-8EA0-AECE21109870} = {481D73A4-2BE8-43BE-8660-20C9A7F93F45}
		{23A0EF60-0BD9-49E6-826C-B1771544617F} = {B3C24DE5-6098-403B-9391-30CD662FCB6A}
		{76A07E01-B375-41C1-8CF0-702EFAC4F5CA} = {481D73A4-2BE8-43BE-8660-20C9A7F93F45}
		{7E1DFD9F-703A-42D3-ABB0-9A97563F4167} = {C7EA8E12-113A-4216-B4A2-43E2B4C01EDB}
		{E5955516-81AB-4619-A90C-3292E9A12024} = {C7EA8E12-113A-4216-B4A2-43E2B4C01EDB}
	EndGlobalSection
	GlobalSection(ExtensibilityGlobals) = postSolution
		SolutionGuid = {64863294-4771-4C70-A6CB-C8908245E066}
	EndGlobalSection
EndGlobal
